// !$*UTF8*$!
{
	archiveVersion = 1;
	classes = {
	};
	objectVersion = 46;
	objects = {

/* Begin PBXBuildFile section */
		7B1157901EC01A130088A17D /* LoginController.m in Sources */ = {isa = PBXBuildFile; fileRef = 7B11578F1EC01A130088A17D /* LoginController.m */; };
		7B2ED8751EB2E08900060C22 /* YCNewFeatureController.m in Sources */ = {isa = PBXBuildFile; fileRef = 7B2ED8741EB2E08900060C22 /* YCNewFeatureController.m */; };
		7B2ED87C1EB3147700060C22 /* Documentation.html in Resources */ = {isa = PBXBuildFile; fileRef = 7B2ED8771EB3147700060C22 /* Documentation.html */; };
		7B2ED87D1EB3147700060C22 /* GCDAsyncSocket.m in Sources */ = {isa = PBXBuildFile; fileRef = 7B2ED8791EB3147700060C22 /* GCDAsyncSocket.m */; };
		7B2ED87E1EB3147700060C22 /* GCDAsyncUdpSocket.m in Sources */ = {isa = PBXBuildFile; fileRef = 7B2ED87B1EB3147700060C22 /* GCDAsyncUdpSocket.m */; };
		7B7E53C51EAEEB41008C8994 /* main.m in Sources */ = {isa = PBXBuildFile; fileRef = 7B7E53C41EAEEB41008C8994 /* main.m */; };
		7B7E53C81EAEEB41008C8994 /* AppDelegate.m in Sources */ = {isa = PBXBuildFile; fileRef = 7B7E53C71EAEEB41008C8994 /* AppDelegate.m */; };
		7B7E53CB1EAEEB41008C8994 /* ViewController.m in Sources */ = {isa = PBXBuildFile; fileRef = 7B7E53CA1EAEEB41008C8994 /* ViewController.m */; };
		7B7E53D01EAEEB41008C8994 /* Assets.xcassets in Resources */ = {isa = PBXBuildFile; fileRef = 7B7E53CF1EAEEB41008C8994 /* Assets.xcassets */; };
		7B7E53D31EAEEB41008C8994 /* LaunchScreen.storyboard in Resources */ = {isa = PBXBuildFile; fileRef = 7B7E53D11EAEEB41008C8994 /* LaunchScreen.storyboard */; };
/* End PBXBuildFile section */

/* Begin PBXFileReference section */
		7B11578E1EC01A130088A17D /* LoginController.h */ = {isa = PBXFileReference; fileEncoding = 4; lastKnownFileType = sourcecode.c.h; path = LoginController.h; sourceTree = "<group>"; };
		7B11578F1EC01A130088A17D /* LoginController.m */ = {isa = PBXFileReference; fileEncoding = 4; lastKnownFileType = sourcecode.c.objc; path = LoginController.m; sourceTree = "<group>"; };
		7B2ED8731EB2E08900060C22 /* YCNewFeatureController.h */ = {isa = PBXFileReference; fileEncoding = 4; lastKnownFileType = sourcecode.c.h; path = YCNewFeatureController.h; sourceTree = "<group>"; };
		7B2ED8741EB2E08900060C22 /* YCNewFeatureController.m */ = {isa = PBXFileReference; fileEncoding = 4; lastKnownFileType = sourcecode.c.objc; path = YCNewFeatureController.m; sourceTree = "<group>"; };
		7B2ED8771EB3147700060C22 /* Documentation.html */ = {isa = PBXFileReference; fileEncoding = 4; lastKnownFileType = text.html; path = Documentation.html; sourceTree = "<group>"; };
		7B2ED8781EB3147700060C22 /* GCDAsyncSocket.h */ = {isa = PBXFileReference; fileEncoding = 4; lastKnownFileType = sourcecode.c.h; path = GCDAsyncSocket.h; sourceTree = "<group>"; };
		7B2ED8791EB3147700060C22 /* GCDAsyncSocket.m */ = {isa = PBXFileReference; fileEncoding = 4; lastKnownFileType = sourcecode.c.objc; path = GCDAsyncSocket.m; sourceTree = "<group>"; };
		7B2ED87A1EB3147700060C22 /* GCDAsyncUdpSocket.h */ = {isa = PBXFileReference; fileEncoding = 4; lastKnownFileType = sourcecode.c.h; path = GCDAsyncUdpSocket.h; sourceTree = "<group>"; };
		7B2ED87B1EB3147700060C22 /* GCDAsyncUdpSocket.m */ = {isa = PBXFileReference; fileEncoding = 4; lastKnownFileType = sourcecode.c.objc; path = GCDAsyncUdpSocket.m; sourceTree = "<group>"; };
		7B2ED87F1EB3148000060C22 /* CocoaAsyncSocket.h */ = {isa = PBXFileReference; fileEncoding = 4; lastKnownFileType = sourcecode.c.h; path = CocoaAsyncSocket.h; sourceTree = "<group>"; };
		7B7E53C01EAEEB41008C8994 /* 常熟智能汽车三折屏.app */ = {isa = PBXFileReference; explicitFileType = wrapper.application; includeInIndex = 0; path = "常熟智能汽车三折屏.app"; sourceTree = BUILT_PRODUCTS_DIR; };
		7B7E53C41EAEEB41008C8994 /* main.m */ = {isa = PBXFileReference; lastKnownFileType = sourcecode.c.objc; path = main.m; sourceTree = "<group>"; };
		7B7E53C61EAEEB41008C8994 /* AppDelegate.h */ = {isa = PBXFileReference; lastKnownFileType = sourcecode.c.h; path = AppDelegate.h; sourceTree = "<group>"; };
		7B7E53C71EAEEB41008C8994 /* AppDelegate.m */ = {isa = PBXFileReference; lastKnownFileType = sourcecode.c.objc; path = AppDelegate.m; sourceTree = "<group>"; };
		7B7E53C91EAEEB41008C8994 /* ViewController.h */ = {isa = PBXFileReference; lastKnownFileType = sourcecode.c.h; path = ViewController.h; sourceTree = "<group>"; };
		7B7E53CA1EAEEB41008C8994 /* ViewController.m */ = {isa = PBXFileReference; lastKnownFileType = sourcecode.c.objc; path = ViewController.m; sourceTree = "<group>"; };
		7B7E53CF1EAEEB41008C8994 /* Assets.xcassets */ = {isa = PBXFileReference; lastKnownFileType = folder.assetcatalog; path = Assets.xcassets; sourceTree = "<group>"; };
		7B7E53D21EAEEB41008C8994 /* Base */ = {isa = PBXFileReference; lastKnownFileType = file.storyboard; name = Base; path = Base.lproj/LaunchScreen.storyboard; sourceTree = "<group>"; };
		7B7E53D41EAEEB41008C8994 /* Info.plist */ = {isa = PBXFileReference; lastKnownFileType = text.plist.xml; path = Info.plist; sourceTree = "<group>"; };
/* End PBXFileReference section */

/* Begin PBXFrameworksBuildPhase section */
		7B7E53BD1EAEEB41008C8994 /* Frameworks */ = {
			isa = PBXFrameworksBuildPhase;
			buildActionMask = 2147483647;
			files = (
			);
			runOnlyForDeploymentPostprocessing = 0;
		};
/* End PBXFrameworksBuildPhase section */

/* Begin PBXGroup section */
		7B2ED8761EB3147700060C22 /* GCD */ = {
			isa = PBXGroup;
			children = (
				7B2ED8771EB3147700060C22 /* Documentation.html */,
				7B2ED8781EB3147700060C22 /* GCDAsyncSocket.h */,
				7B2ED8791EB3147700060C22 /* GCDAsyncSocket.m */,
				7B2ED87A1EB3147700060C22 /* GCDAsyncUdpSocket.h */,
				7B2ED87B1EB3147700060C22 /* GCDAsyncUdpSocket.m */,
			);
			path = GCD;
			sourceTree = "<group>";
		};
		7B7E53B71EAEEB41008C8994 = {
			isa = PBXGroup;
			children = (
				7B7E53C21EAEEB41008C8994 /* 常熟智能汽车三折屏 */,
				7B7E53C11EAEEB41008C8994 /* Products */,
			);
			sourceTree = "<group>";
		};
		7B7E53C11EAEEB41008C8994 /* Products */ = {
			isa = PBXGroup;
			children = (
				7B7E53C01EAEEB41008C8994 /* 常熟智能汽车三折屏.app */,
			);
			name = Products;
			sourceTree = "<group>";
		};
		7B7E53C21EAEEB41008C8994 /* 常熟智能汽车三折屏 */ = {
			isa = PBXGroup;
			children = (
				7B2ED87F1EB3148000060C22 /* CocoaAsyncSocket.h */,
				7B2ED8761EB3147700060C22 /* GCD */,
				7B7E53C61EAEEB41008C8994 /* AppDelegate.h */,
				7B7E53C71EAEEB41008C8994 /* AppDelegate.m */,
				7B2ED8731EB2E08900060C22 /* YCNewFeatureController.h */,
				7B2ED8741EB2E08900060C22 /* YCNewFeatureController.m */,
				7B11578E1EC01A130088A17D /* LoginController.h */,
				7B11578F1EC01A130088A17D /* LoginController.m */,
				7B7E53C91EAEEB41008C8994 /* ViewController.h */,
				7B7E53CA1EAEEB41008C8994 /* ViewController.m */,
				7B7E53CF1EAEEB41008C8994 /* Assets.xcassets */,
				7B7E53D11EAEEB41008C8994 /* LaunchScreen.storyboard */,
				7B7E53D41EAEEB41008C8994 /* Info.plist */,
				7B7E53C31EAEEB41008C8994 /* Supporting Files */,
			);
			path = "常熟智能汽车三折屏";
			sourceTree = "<group>";
		};
		7B7E53C31EAEEB41008C8994 /* Supporting Files */ = {
			isa = PBXGroup;
			children = (
				7B7E53C41EAEEB41008C8994 /* main.m */,
			);
			name = "Supporting Files";
			sourceTree = "<group>";
		};
/* End PBXGroup section */

/* Begin PBXNativeTarget section */
		7B7E53BF1EAEEB41008C8994 /* 常熟智能汽车三折屏 */ = {
			isa = PBXNativeTarget;
			buildConfigurationList = 7B7E53D71EAEEB41008C8994 /* Build configuration list for PBXNativeTarget "常熟智能汽车三折屏" */;
			buildPhases = (
				7B7E53BC1EAEEB41008C8994 /* Sources */,
				7B7E53BD1EAEEB41008C8994 /* Frameworks */,
				7B7E53BE1EAEEB41008C8994 /* Resources */,
			);
			buildRules = (
			);
			dependencies = (
			);
			name = "常熟智能汽车三折屏";
			productName = "常熟智能汽车三折屏";
			productReference = 7B7E53C01EAEEB41008C8994 /* 常熟智能汽车三折屏.app */;
			productType = "com.apple.product-type.application";
		};
/* End PBXNativeTarget section */

/* Begin PBXProject section */
		7B7E53B81EAEEB41008C8994 /* Project object */ = {
			isa = PBXProject;
			attributes = {
				LastUpgradeCheck = 0830;
				ORGANIZATIONNAME = "尤超";
				TargetAttributes = {
					7B7E53BF1EAEEB41008C8994 = {
						CreatedOnToolsVersion = 8.2.1;
						DevelopmentTeam = 759J4R8M5B;
						ProvisioningStyle = Automatic;
					};
				};
			};
			buildConfigurationList = 7B7E53BB1EAEEB41008C8994 /* Build configuration list for PBXProject "常熟智能汽车三折屏" */;
			compatibilityVersion = "Xcode 3.2";
			developmentRegion = English;
			hasScannedForEncodings = 0;
			knownRegions = (
				en,
				Base,
				id,
				it,
				ru,
				uk,
				vi,
				"zh-Hans",
				"zh-Hant",
			);
			mainGroup = 7B7E53B71EAEEB41008C8994;
			productRefGroup = 7B7E53C11EAEEB41008C8994 /* Products */;
			projectDirPath = "";
			projectRoot = "";
			targets = (
				7B7E53BF1EAEEB41008C8994 /* 常熟智能汽车三折屏 */,
			);
		};
/* End PBXProject section */

/* Begin PBXResourcesBuildPhase section */
		7B7E53BE1EAEEB41008C8994 /* Resources */ = {
			isa = PBXResourcesBuildPhase;
			buildActionMask = 2147483647;
			files = (
				7B7E53D31EAEEB41008C8994 /* LaunchScreen.storyboard in Resources */,
				7B2ED87C1EB3147700060C22 /* Documentation.html in Resources */,
				7B7E53D01EAEEB41008C8994 /* Assets.xcassets in Resources */,
			);
			runOnlyForDeploymentPostprocessing = 0;
		};
/* End PBXResourcesBuildPhase section */

/* Begin PBXSourcesBuildPhase section */
		7B7E53BC1EAEEB41008C8994 /* Sources */ = {
			isa = PBXSourcesBuildPhase;
			buildActionMask = 2147483647;
			files = (
				7B1157901EC01A130088A17D /* LoginController.m in Sources */,
				7B7E53CB1EAEEB41008C8994 /* ViewController.m in Sources */,
				7B2ED87D1EB3147700060C22 /* GCDAsyncSocket.m in Sources */,
				7B2ED8751EB2E08900060C22 /* YCNewFeatureController.m in Sources */,
				7B7E53C81EAEEB41008C8994 /* AppDelegate.m in Sources */,
				7B2ED87E1EB3147700060C22 /* GCDAsyncUdpSocket.m in Sources */,
				7B7E53C51EAEEB41008C8994 /* main.m in Sources */,
			);
			runOnlyForDeploymentPostprocessing = 0;
		};
/* End PBXSourcesBuildPhase section */

/* Begin PBXVariantGroup section */
		7B7E53D11EAEEB41008C8994 /* LaunchScreen.storyboard */ = {
			isa = PBXVariantGroup;
			children = (
				7B7E53D21EAEEB41008C8994 /* Base */,
			);
			name = LaunchScreen.storyboard;
			sourceTree = "<group>";
		};
/* End PBXVariantGroup section */

/* Begin XCBuildConfiguration section */
		7B7E53D51EAEEB41008C8994 /* Debug */ = {
			isa = XCBuildConfiguration;
			buildSettings = {
				ALWAYS_SEARCH_USER_PATHS = NO;
				CLANG_ANALYZER_LOCALIZABILITY_NONLOCALIZED = YES;
				CLANG_ANALYZER_NONNULL = YES;
				CLANG_CXX_LANGUAGE_STANDARD = "gnu++0x";
				CLANG_CXX_LIBRARY = "libc++";
				CLANG_ENABLE_MODULES = YES;
				CLANG_ENABLE_OBJC_ARC = YES;
				CLANG_WARN_BOOL_CONVERSION = YES;
				CLANG_WARN_CONSTANT_CONVERSION = YES;
				CLANG_WARN_DIRECT_OBJC_ISA_USAGE = YES_ERROR;
				CLANG_WARN_DOCUMENTATION_COMMENTS = YES;
				CLANG_WARN_EMPTY_BODY = YES;
				CLANG_WARN_ENUM_CONVERSION = YES;
				CLANG_WARN_INFINITE_RECURSION = YES;
				CLANG_WARN_INT_CONVERSION = YES;
				CLANG_WARN_OBJC_ROOT_CLASS = YES_ERROR;
				CLANG_WARN_SUSPICIOUS_MOVE = YES;
				CLANG_WARN_UNREACHABLE_CODE = YES;
				CLANG_WARN__DUPLICATE_METHOD_MATCH = YES;
				"CODE_SIGN_IDENTITY[sdk=iphoneos*]" = "iPhone Developer";
				COPY_PHASE_STRIP = NO;
				DEBUG_INFORMATION_FORMAT = dwarf;
				ENABLE_STRICT_OBJC_MSGSEND = YES;
				ENABLE_TESTABILITY = YES;
				GCC_C_LANGUAGE_STANDARD = gnu99;
				GCC_DYNAMIC_NO_PIC = NO;
				GCC_NO_COMMON_BLOCKS = YES;
				GCC_OPTIMIZATION_LEVEL = 0;
				GCC_PREPROCESSOR_DEFINITIONS = (
					"DEBUG=1",
					"$(inherited)",
				);
				GCC_WARN_64_TO_32_BIT_CONVERSION = YES;
				GCC_WARN_ABOUT_RETURN_TYPE = YES_ERROR;
				GCC_WARN_UNDECLARED_SELECTOR = YES;
				GCC_WARN_UNINITIALIZED_AUTOS = YES_AGGRESSIVE;
				GCC_WARN_UNUSED_FUNCTION = YES;
				GCC_WARN_UNUSED_VARIABLE = YES;
				IPHONEOS_DEPLOYMENT_TARGET = 10.2;
				MTL_ENABLE_DEBUG_INFO = YES;
				ONLY_ACTIVE_ARCH = YES;
				SDKROOT = iphoneos;
				TARGETED_DEVICE_FAMILY = 2;
			};
			name = Debug;
		};
		7B7E53D61EAEEB41008C8994 /* Release */ = {
			isa = XCBuildConfiguration;
			buildSettings = {
				ALWAYS_SEARCH_USER_PATHS = NO;
				CLANG_ANALYZER_LOCALIZABILITY_NONLOCALIZED = YES;
				CLANG_ANALYZER_NONNULL = YES;
				CLANG_CXX_LANGUAGE_STANDARD = "gnu++0x";
				CLANG_CXX_LIBRARY = "libc++";
				CLANG_ENABLE_MODULES = YES;
				CLANG_ENABLE_OBJC_ARC = YES;
				CLANG_WARN_BOOL_CONVERSION = YES;
				CLANG_WARN_CONSTANT_CONVERSION = YES;
				CLANG_WARN_DIRECT_OBJC_ISA_USAGE = YES_ERROR;
				CLANG_WARN_DOCUMENTATION_COMMENTS = YES;
				CLANG_WARN_EMPTY_BODY = YES;
				CLANG_WARN_ENUM_CONVERSION = YES;
				CLANG_WARN_INFINITE_RECURSION = YES;
				CLANG_WARN_INT_CONVERSION = YES;
				CLANG_WARN_OBJC_ROOT_CLASS = YES_ERROR;
				CLANG_WARN_SUSPICIOUS_MOVE = YES;
				CLANG_WARN_UNREACHABLE_CODE = YES;
				CLANG_WARN__DUPLICATE_METHOD_MATCH = YES;
				"CODE_SIGN_IDENTITY[sdk=iphoneos*]" = "iPhone Developer";
				COPY_PHASE_STRIP = NO;
				DEBUG_INFORMATION_FORMAT = "dwarf-with-dsym";
				ENABLE_NS_ASSERTIONS = NO;
				ENABLE_STRICT_OBJC_MSGSEND = YES;
				GCC_C_LANGUAGE_STANDARD = gnu99;
				GCC_NO_COMMON_BLOCKS = YES;
				GCC_WARN_64_TO_32_BIT_CONVERSION = YES;
				GCC_WARN_ABOUT_RETURN_TYPE = YES_ERROR;
				GCC_WARN_UNDECLARED_SELECTOR = YES;
				GCC_WARN_UNINITIALIZED_AUTOS = YES_AGGRESSIVE;
				GCC_WARN_UNUSED_FUNCTION = YES;
				GCC_WARN_UNUSED_VARIABLE = YES;
				IPHONEOS_DEPLOYMENT_TARGET = 10.2;
				MTL_ENABLE_DEBUG_INFO = NO;
				SDKROOT = iphoneos;
				TARGETED_DEVICE_FAMILY = 2;
				VALIDATE_PRODUCT = YES;
			};
			name = Release;
		};
		7B7E53D81EAEEB41008C8994 /* Debug */ = {
			isa = XCBuildConfiguration;
			buildSettings = {
				ASSETCATALOG_COMPILER_APPICON_NAME = AppIcon;
				DEVELOPMENT_TEAM = 759J4R8M5B;
				INFOPLIST_FILE = "常熟智能汽车三折屏/Info.plist";
				IPHONEOS_DEPLOYMENT_TARGET = 8.0;
				LD_RUNPATH_SEARCH_PATHS = "$(inherited) @executable_path/Frameworks";
				PRODUCT_BUNDLE_IDENTIFIER = "com.lantian.dlz.---------";
				PRODUCT_NAME = "$(TARGET_NAME)";
				TARGETED_DEVICE_FAMILY = 2;
			};
			name = Debug;
		};
		7B7E53D91EAEEB41008C8994 /* Release */ = {
			isa = XCBuildConfiguration;
			buildSettings = {
				ASSETCATALOG_COMPILER_APPICON_NAME = AppIcon;
				DEVELOPMENT_TEAM = 759J4R8M5B;
				INFOPLIST_FILE = "常熟智能汽车三折屏/Info.plist";
				IPHONEOS_DEPLOYMENT_TARGET = 8.0;
				LD_RUNPATH_SEARCH_PATHS = "$(inherited) @executable_path/Frameworks";
				PRODUCT_BUNDLE_IDENTIFIER = "com.lantian.dlz.---------";
				PRODUCT_NAME = "$(TARGET_NAME)";
				TARGETED_DEVICE_FAMILY = 2;
			};
			name = Release;
		};
/* End XCBuildConfiguration section */

/* Begin XCConfigurationList section */
		7B7E53BB1EAEEB41008C8994 /* Build configuration list for PBXProject "常熟智能汽车三折屏" */ = {
			isa = XCConfigurationList;
			buildConfigurations = (
				7B7E53D51EAEEB41008C8994 /* Debug */,
				7B7E53D61EAEEB41008C8994 /* Release */,
			);
			defaultConfigurationIsVisible = 0;
			defaultConfigurationName = Release;
		};
		7B7E53D71EAEEB41008C8994 /* Build configuration list for PBXNativeTarget "常熟智能汽车三折屏" */ = {
			isa = XCConfigurationList;
			buildConfigurations = (
				7B7E53D81EAEEB41008C8994 /* Debug */,
				7B7E53D91EAEEB41008C8994 /* Release */,
			);
			defaultConfigurationIsVisible = 0;
			defaultConfigurationName = Release;
		};
/* End XCConfigurationList section */
	};
	rootObject = 7B7E53B81EAEEB41008C8994 /* Project object */;
}
